
Microsoft Visual Studio Solution File, Format Version 12.00
# Visual Studio Version 17
VisualStudioVersion = 17.0.32126.317
MinimumVisualStudioVersion = 10.0.40219.1
Project("{FAE04EC0-301F-11D3-BF4B-00C04F79EFBC}") = "TogolesAssociationSystem.API", "TogolesAssociationSystem.API\TogolesAssociationSystem.API.csproj", "{C8E7E884-876E-4D94-B51F-318B3CD94C69}"
EndProject
Project("{FAE04EC0-301F-11D3-BF4B-00C04F79EFBC}") = "TogoleseAssociationSystem.Domain", "TogoleseAssociationSystem.Domain\TogoleseAssociationSystem.Domain.csproj", "{39829478-2B52-4014-B1EF-004F44819DBC}"
EndProject
Project("{FAE04EC0-301F-11D3-BF4B-00C04F79EFBC}") = "TogoleseAssociationSystem.Application", "TogoleseAssociationSystem.Application\TogoleseAssociationSystem.Application.csproj", "{46E3D242-B48D-4591-9E2F-8EEB25929E60}"
EndProject
Project("{FAE04EC0-301F-11D3-BF4B-00C04F79EFBC}") = "TogoleseAssociationSystem.Application.Tests", "TogoleseAssociationSystem.Application.Tests\TogoleseAssociationSystem.Application.Tests.csproj", "{ECA47D69-3E92-4C51-9F5E-EA2E47615E7C}"
EndProject
Global
	GlobalSection(SolutionConfigurationPlatforms) = preSolution
		Debug|Any CPU = Debug|Any CPU
		Release|Any CPU = Release|Any CPU
	EndGlobalSection
	GlobalSection(ProjectConfigurationPlatforms) = postSolution
		{C8E7E884-876E-4D94-B51F-318B3CD94C69}.Debug|Any CPU.ActiveCfg = Debug|Any CPU
		{C8E7E884-876E-4D94-B51F-318B3CD94C69}.Debug|Any CPU.Build.0 = Debug|Any CPU
		{C8E7E884-876E-4D94-B51F-318B3CD94C69}.Release|Any CPU.ActiveCfg = Release|Any CPU
		{C8E7E884-876E-4D94-B51F-318B3CD94C69}.Release|Any CPU.Build.0 = Release|Any CPU
		{39829478-2B52-4014-B1EF-004F44819DBC}.Debug|Any CPU.ActiveCfg = Debug|Any CPU
		{39829478-2B52-4014-B1EF-004F44819DBC}.Debug|Any CPU.Build.0 = Debug|Any CPU
		{39829478-2B52-4014-B1EF-004F44819DBC}.Release|Any CPU.ActiveCfg = Release|Any CPU
		{39829478-2B52-4014-B1EF-004F44819DBC}.Release|Any CPU.Build.0 = Release|Any CPU
		{46E3D242-B48D-4591-9E2F-8EEB25929E60}.Debug|Any CPU.ActiveCfg = Debug|Any CPU
		{46E3D242-B48D-4591-9E2F-8EEB25929E60}.Debug|Any CPU.Build.0 = Debug|Any CPU
		{46E3D242-B48D-4591-9E2F-8EEB25929E60}.Release|Any CPU.ActiveCfg = Release|Any CPU
		{46E3D242-B48D-4591-9E2F-8EEB25929E60}.Release|Any CPU.Build.0 = Release|Any CPU
		{ECA47D69-3E92-4C51-9F5E-EA2E47615E7C}.Debug|Any CPU.ActiveCfg = Debug|Any CPU
		{ECA47D69-3E92-4C51-9F5E-EA2E47615E7C}.Debug|Any CPU.Build.0 = Debug|Any CPU
		{ECA47D69-3E92-4C51-9F5E-EA2E47615E7C}.Release|Any CPU.ActiveCfg = Release|Any CPU
		{ECA47D69-3E92-4C51-9F5E-EA2E47615E7C}.Release|Any CPU.Build.0 = Release|Any CPU
	EndGlobalSection
	GlobalSection(SolutionProperties) = preSolution
		HideSolutionNode = FALSE
	EndGlobalSection
	GlobalSection(ExtensibilityGlobals) = postSolution
		SolutionGuid = {1B3794EA-581E-4459-A2D4-BCB34598B789}
	EndGlobalSection
EndGlobal
